// !$*UTF8*$!
{
	archiveVersion = 1;
	classes = {
	};
	objectVersion = 56;
	objects = {

/* Begin PBXBuildFile section */
		2F0D80EE292F54DB00EF537B /* CombineMoya in Frameworks */ = {isa = PBXBuildFile; productRef = 2F0D80ED292F54DB00EF537B /* CombineMoya */; };
		2F0D80F029344D9E00EF537B /* MainViewModel.swift in Sources */ = {isa = PBXBuildFile; fileRef = 2F0D80EF29344D9E00EF537B /* MainViewModel.swift */; };
		2F155B2429398E4D008CE0F9 /* ListLoadingView.swift in Sources */ = {isa = PBXBuildFile; fileRef = 2F155B2329398E4D008CE0F9 /* ListLoadingView.swift */; };
		2F2B9A2F29262AC000C1C4C2 /* FlightyApp.swift in Sources */ = {isa = PBXBuildFile; fileRef = 2F2B9A2E29262AC000C1C4C2 /* FlightyApp.swift */; };
		2F2B9A3129262AC000C1C4C2 /* ContentView.swift in Sources */ = {isa = PBXBuildFile; fileRef = 2F2B9A3029262AC000C1C4C2 /* ContentView.swift */; };
		2F2B9A3329262AC200C1C4C2 /* Assets.xcassets in Resources */ = {isa = PBXBuildFile; fileRef = 2F2B9A3229262AC200C1C4C2 /* Assets.xcassets */; };
		2F2B9A3729262AC200C1C4C2 /* Preview Assets.xcassets in Resources */ = {isa = PBXBuildFile; fileRef = 2F2B9A3629262AC200C1C4C2 /* Preview Assets.xcassets */; };
		2F2B9A5229262AF200C1C4C2 /* MapView.swift in Sources */ = {isa = PBXBuildFile; fileRef = 2F2B9A3E29262AF100C1C4C2 /* MapView.swift */; };
		2F2B9A5329262AF200C1C4C2 /* SearchBar.swift in Sources */ = {isa = PBXBuildFile; fileRef = 2F2B9A3F29262AF100C1C4C2 /* SearchBar.swift */; };
		2F2B9A5429262AF200C1C4C2 /* CircleIconView.swift in Sources */ = {isa = PBXBuildFile; fileRef = 2F2B9A4029262AF100C1C4C2 /* CircleIconView.swift */; };
		2F2B9A5529262AF200C1C4C2 /* FlightListView.swift in Sources */ = {isa = PBXBuildFile; fileRef = 2F2B9A4129262AF100C1C4C2 /* FlightListView.swift */; };
		2F2B9A5629262AF200C1C4C2 /* MainView.swift in Sources */ = {isa = PBXBuildFile; fileRef = 2F2B9A4229262AF100C1C4C2 /* MainView.swift */; };
		2F2B9A5729262AF200C1C4C2 /* FlightRepositoryInterface.swift in Sources */ = {isa = PBXBuildFile; fileRef = 2F2B9A4429262AF100C1C4C2 /* FlightRepositoryInterface.swift */; };
		2F2B9A5829262AF200C1C4C2 /* Flight.swift in Sources */ = {isa = PBXBuildFile; fileRef = 2F2B9A4629262AF100C1C4C2 /* Flight.swift */; };
		2F2B9A5929262AF200C1C4C2 /* Schedule.swift in Sources */ = {isa = PBXBuildFile; fileRef = 2F2B9A4729262AF100C1C4C2 /* Schedule.swift */; };
		2F2B9A5A29262AF200C1C4C2 /* BaseModel.swift in Sources */ = {isa = PBXBuildFile; fileRef = 2F2B9A4829262AF100C1C4C2 /* BaseModel.swift */; };
		2F2B9A5B29262AF200C1C4C2 /* FlightUseCase.swift in Sources */ = {isa = PBXBuildFile; fileRef = 2F2B9A4A29262AF100C1C4C2 /* FlightUseCase.swift */; };
		2F2B9A5C29262AF200C1C4C2 /* FlightRepository.swift in Sources */ = {isa = PBXBuildFile; fileRef = 2F2B9A4D29262AF200C1C4C2 /* FlightRepository.swift */; };
		2F2B9A5D29262AF200C1C4C2 /* Networking.swift in Sources */ = {isa = PBXBuildFile; fileRef = 2F2B9A4F29262AF200C1C4C2 /* Networking.swift */; };
		2F2B9A5E29262AF200C1C4C2 /* API.swift in Sources */ = {isa = PBXBuildFile; fileRef = 2F2B9A5029262AF200C1C4C2 /* API.swift */; };
		2F2B9A5F29262AF200C1C4C2 /* Constant.swift in Sources */ = {isa = PBXBuildFile; fileRef = 2F2B9A5129262AF200C1C4C2 /* Constant.swift */; };
		2F2B9A6A29262BE500C1C4C2 /* Drawer in Frameworks */ = {isa = PBXBuildFile; productRef = 2F2B9A6929262BE500C1C4C2 /* Drawer */; };
		2F2B9A7129262C3400C1C4C2 /* AnyDecodable.swift in Sources */ = {isa = PBXBuildFile; fileRef = 2F2B9A7029262C3400C1C4C2 /* AnyDecodable.swift */; };
		2F6F6E1E29359D9200013745 /* UserCollection.swift in Sources */ = {isa = PBXBuildFile; fileRef = 2F6F6E1D29359D9200013745 /* UserCollection.swift */; };
		2F6F6E202935CC2300013745 /* FlightRequestModel.swift in Sources */ = {isa = PBXBuildFile; fileRef = 2F6F6E1F2935CC2300013745 /* FlightRequestModel.swift */; };
		2F6F6E262935FCEF00013745 /* AirportAndAirlineCell.swift in Sources */ = {isa = PBXBuildFile; fileRef = 2F6F6E252935FCEF00013745 /* AirportAndAirlineCell.swift */; };
		2F6F6E2A2936E01C00013745 /* FlightSearchView.swift in Sources */ = {isa = PBXBuildFile; fileRef = 2F6F6E292936E01C00013745 /* FlightSearchView.swift */; };
		2F6F6E2C2936E14800013745 /* Airline.swift in Sources */ = {isa = PBXBuildFile; fileRef = 2F6F6E2B2936E14800013745 /* Airline.swift */; };
		2F6F6E2E2936E1AF00013745 /* Airport.swift in Sources */ = {isa = PBXBuildFile; fileRef = 2F6F6E2D2936E1AF00013745 /* Airport.swift */; };
		2F6F6E302936E7E200013745 /* Country.swift in Sources */ = {isa = PBXBuildFile; fileRef = 2F6F6E2F2936E7E200013745 /* Country.swift */; };
		2F6F6E322936EBFC00013745 /* MockedData.swift in Sources */ = {isa = PBXBuildFile; fileRef = 2F6F6E312936EBFC00013745 /* MockedData.swift */; };
		2F6F6E342936F11900013745 /* FlightSearchViewModel.swift in Sources */ = {isa = PBXBuildFile; fileRef = 2F6F6E332936F11900013745 /* FlightSearchViewModel.swift */; };
/* End PBXBuildFile section */

/* Begin PBXFileReference section */
		2F0D80EF29344D9E00EF537B /* MainViewModel.swift */ = {isa = PBXFileReference; lastKnownFileType = sourcecode.swift; path = MainViewModel.swift; sourceTree = "<group>"; };
		2F155B2329398E4D008CE0F9 /* ListLoadingView.swift */ = {isa = PBXFileReference; lastKnownFileType = sourcecode.swift; path = ListLoadingView.swift; sourceTree = "<group>"; };
		2F2B9A2B29262AC000C1C4C2 /* Flighty.app */ = {isa = PBXFileReference; explicitFileType = wrapper.application; includeInIndex = 0; path = Flighty.app; sourceTree = BUILT_PRODUCTS_DIR; };
		2F2B9A2E29262AC000C1C4C2 /* FlightyApp.swift */ = {isa = PBXFileReference; lastKnownFileType = sourcecode.swift; path = FlightyApp.swift; sourceTree = "<group>"; };
		2F2B9A3029262AC000C1C4C2 /* ContentView.swift */ = {isa = PBXFileReference; lastKnownFileType = sourcecode.swift; path = ContentView.swift; sourceTree = "<group>"; };
		2F2B9A3229262AC200C1C4C2 /* Assets.xcassets */ = {isa = PBXFileReference; lastKnownFileType = folder.assetcatalog; path = Assets.xcassets; sourceTree = "<group>"; };
		2F2B9A3429262AC200C1C4C2 /* Flighty.entitlements */ = {isa = PBXFileReference; lastKnownFileType = text.plist.entitlements; path = Flighty.entitlements; sourceTree = "<group>"; };
		2F2B9A3629262AC200C1C4C2 /* Preview Assets.xcassets */ = {isa = PBXFileReference; lastKnownFileType = folder.assetcatalog; path = "Preview Assets.xcassets"; sourceTree = "<group>"; };
		2F2B9A3E29262AF100C1C4C2 /* MapView.swift */ = {isa = PBXFileReference; fileEncoding = 4; lastKnownFileType = sourcecode.swift; path = MapView.swift; sourceTree = "<group>"; };
		2F2B9A3F29262AF100C1C4C2 /* SearchBar.swift */ = {isa = PBXFileReference; fileEncoding = 4; lastKnownFileType = sourcecode.swift; path = SearchBar.swift; sourceTree = "<group>"; };
		2F2B9A4029262AF100C1C4C2 /* CircleIconView.swift */ = {isa = PBXFileReference; fileEncoding = 4; lastKnownFileType = sourcecode.swift; path = CircleIconView.swift; sourceTree = "<group>"; };
		2F2B9A4129262AF100C1C4C2 /* FlightListView.swift */ = {isa = PBXFileReference; fileEncoding = 4; lastKnownFileType = sourcecode.swift; path = FlightListView.swift; sourceTree = "<group>"; };
		2F2B9A4229262AF100C1C4C2 /* MainView.swift */ = {isa = PBXFileReference; fileEncoding = 4; lastKnownFileType = sourcecode.swift; path = MainView.swift; sourceTree = "<group>"; };
		2F2B9A4429262AF100C1C4C2 /* FlightRepositoryInterface.swift */ = {isa = PBXFileReference; fileEncoding = 4; lastKnownFileType = sourcecode.swift; path = FlightRepositoryInterface.swift; sourceTree = "<group>"; };
		2F2B9A4629262AF100C1C4C2 /* Flight.swift */ = {isa = PBXFileReference; fileEncoding = 4; lastKnownFileType = sourcecode.swift; path = Flight.swift; sourceTree = "<group>"; };
		2F2B9A4729262AF100C1C4C2 /* Schedule.swift */ = {isa = PBXFileReference; fileEncoding = 4; lastKnownFileType = sourcecode.swift; path = Schedule.swift; sourceTree = "<group>"; };
		2F2B9A4829262AF100C1C4C2 /* BaseModel.swift */ = {isa = PBXFileReference; fileEncoding = 4; lastKnownFileType = sourcecode.swift; path = BaseModel.swift; sourceTree = "<group>"; };
		2F2B9A4A29262AF100C1C4C2 /* FlightUseCase.swift */ = {isa = PBXFileReference; fileEncoding = 4; lastKnownFileType = sourcecode.swift; path = FlightUseCase.swift; sourceTree = "<group>"; };
		2F2B9A4D29262AF200C1C4C2 /* FlightRepository.swift */ = {isa = PBXFileReference; fileEncoding = 4; lastKnownFileType = sourcecode.swift; path = FlightRepository.swift; sourceTree = "<group>"; };
		2F2B9A4F29262AF200C1C4C2 /* Networking.swift */ = {isa = PBXFileReference; fileEncoding = 4; lastKnownFileType = sourcecode.swift; path = Networking.swift; sourceTree = "<group>"; };
		2F2B9A5029262AF200C1C4C2 /* API.swift */ = {isa = PBXFileReference; fileEncoding = 4; lastKnownFileType = sourcecode.swift; path = API.swift; sourceTree = "<group>"; };
		2F2B9A5129262AF200C1C4C2 /* Constant.swift */ = {isa = PBXFileReference; fileEncoding = 4; lastKnownFileType = sourcecode.swift; path = Constant.swift; sourceTree = "<group>"; };
		2F2B9A7029262C3400C1C4C2 /* AnyDecodable.swift */ = {isa = PBXFileReference; lastKnownFileType = sourcecode.swift; path = AnyDecodable.swift; sourceTree = "<group>"; };
		2F6F6E1D29359D9200013745 /* UserCollection.swift */ = {isa = PBXFileReference; lastKnownFileType = sourcecode.swift; path = UserCollection.swift; sourceTree = "<group>"; };
		2F6F6E1F2935CC2300013745 /* FlightRequestModel.swift */ = {isa = PBXFileReference; lastKnownFileType = sourcecode.swift; path = FlightRequestModel.swift; sourceTree = "<group>"; };
		2F6F6E252935FCEF00013745 /* AirportAndAirlineCell.swift */ = {isa = PBXFileReference; lastKnownFileType = sourcecode.swift; path = AirportAndAirlineCell.swift; sourceTree = "<group>"; };
		2F6F6E292936E01C00013745 /* FlightSearchView.swift */ = {isa = PBXFileReference; lastKnownFileType = sourcecode.swift; path = FlightSearchView.swift; sourceTree = "<group>"; };
		2F6F6E2B2936E14800013745 /* Airline.swift */ = {isa = PBXFileReference; lastKnownFileType = sourcecode.swift; path = Airline.swift; sourceTree = "<group>"; };
		2F6F6E2D2936E1AF00013745 /* Airport.swift */ = {isa = PBXFileReference; lastKnownFileType = sourcecode.swift; path = Airport.swift; sourceTree = "<group>"; };
		2F6F6E2F2936E7E200013745 /* Country.swift */ = {isa = PBXFileReference; lastKnownFileType = sourcecode.swift; path = Country.swift; sourceTree = "<group>"; };
		2F6F6E312936EBFC00013745 /* MockedData.swift */ = {isa = PBXFileReference; lastKnownFileType = sourcecode.swift; path = MockedData.swift; sourceTree = "<group>"; };
		2F6F6E332936F11900013745 /* FlightSearchViewModel.swift */ = {isa = PBXFileReference; lastKnownFileType = sourcecode.swift; path = FlightSearchViewModel.swift; sourceTree = "<group>"; };
/* End PBXFileReference section */

/* Begin PBXFrameworksBuildPhase section */
		2F2B9A2829262AC000C1C4C2 /* Frameworks */ = {
			isa = PBXFrameworksBuildPhase;
			buildActionMask = 2147483647;
			files = (
				2F0D80EE292F54DB00EF537B /* CombineMoya in Frameworks */,
				2F2B9A6A29262BE500C1C4C2 /* Drawer in Frameworks */,
			);
			runOnlyForDeploymentPostprocessing = 0;
		};
/* End PBXFrameworksBuildPhase section */

/* Begin PBXGroup section */
		2F2B9A2229262AC000C1C4C2 = {
			isa = PBXGroup;
			children = (
				2F2B9A2D29262AC000C1C4C2 /* Flighty */,
				2F2B9A2C29262AC000C1C4C2 /* Products */,
			);
			sourceTree = "<group>";
		};
		2F2B9A2C29262AC000C1C4C2 /* Products */ = {
			isa = PBXGroup;
			children = (
				2F2B9A2B29262AC000C1C4C2 /* Flighty.app */,
			);
			name = Products;
			sourceTree = "<group>";
		};
		2F2B9A2D29262AC000C1C4C2 /* Flighty */ = {
			isa = PBXGroup;
			children = (
				2F2B9A6029262B5C00C1C4C2 /* Supporting Files */,
				2F2B9A4B29262AF200C1C4C2 /* Data */,
				2F2B9A4329262AF100C1C4C2 /* Domain */,
				2F2B9A3D29262AF100C1C4C2 /* Presentation */,
				2F2B9A2E29262AC000C1C4C2 /* FlightyApp.swift */,
				2F2B9A3029262AC000C1C4C2 /* ContentView.swift */,
				2F2B9A3429262AC200C1C4C2 /* Flighty.entitlements */,
				2F2B9A3529262AC200C1C4C2 /* Preview Content */,
			);
			path = Flighty;
			sourceTree = "<group>";
		};
		2F2B9A3529262AC200C1C4C2 /* Preview Content */ = {
			isa = PBXGroup;
			children = (
				2F2B9A3629262AC200C1C4C2 /* Preview Assets.xcassets */,
			);
			path = "Preview Content";
			sourceTree = "<group>";
		};
		2F2B9A3D29262AF100C1C4C2 /* Presentation */ = {
			isa = PBXGroup;
			children = (
				2F2B9A3E29262AF100C1C4C2 /* MapView.swift */,
				2F2B9A3F29262AF100C1C4C2 /* SearchBar.swift */,
				2F2B9A4029262AF100C1C4C2 /* CircleIconView.swift */,
				2F2B9A4129262AF100C1C4C2 /* FlightListView.swift */,
				2F155B2329398E4D008CE0F9 /* ListLoadingView.swift */,
				2F6F6E292936E01C00013745 /* FlightSearchView.swift */,
				2F6F6E332936F11900013745 /* FlightSearchViewModel.swift */,
				2F6F6E252935FCEF00013745 /* AirportAndAirlineCell.swift */,
				2F2B9A4229262AF100C1C4C2 /* MainView.swift */,
				2F0D80EF29344D9E00EF537B /* MainViewModel.swift */,
			);
			path = Presentation;
			sourceTree = "<group>";
		};
		2F2B9A4329262AF100C1C4C2 /* Domain */ = {
			isa = PBXGroup;
			children = (
				2F2B9A4429262AF100C1C4C2 /* FlightRepositoryInterface.swift */,
				2F2B9A4529262AF100C1C4C2 /* Entity */,
				2F2B9A4929262AF100C1C4C2 /* UseCase */,
			);
			path = Domain;
			sourceTree = "<group>";
		};
		2F2B9A4529262AF100C1C4C2 /* Entity */ = {
			isa = PBXGroup;
			children = (
				2F2B9A4629262AF100C1C4C2 /* Flight.swift */,
				2F2B9A4729262AF100C1C4C2 /* Schedule.swift */,
				2F2B9A4829262AF100C1C4C2 /* BaseModel.swift */,
				2F6F6E2B2936E14800013745 /* Airline.swift */,
				2F6F6E2D2936E1AF00013745 /* Airport.swift */,
				2F6F6E312936EBFC00013745 /* MockedData.swift */,
			);
			path = Entity;
			sourceTree = "<group>";
		};
		2F2B9A4929262AF100C1C4C2 /* UseCase */ = {
			isa = PBXGroup;
			children = (
				2F2B9A4A29262AF100C1C4C2 /* FlightUseCase.swift */,
			);
			path = UseCase;
			sourceTree = "<group>";
		};
		2F2B9A4B29262AF200C1C4C2 /* Data */ = {
			isa = PBXGroup;
			children = (
				2F2B9A4C29262AF200C1C4C2 /* Repository */,
				2F2B9A4E29262AF200C1C4C2 /* Network */,
				2F6F6E1F2935CC2300013745 /* FlightRequestModel.swift */,
			);
			path = Data;
			sourceTree = "<group>";
		};
		2F2B9A4C29262AF200C1C4C2 /* Repository */ = {
			isa = PBXGroup;
			children = (
				2F2B9A4D29262AF200C1C4C2 /* FlightRepository.swift */,
			);
			path = Repository;
			sourceTree = "<group>";
		};
		2F2B9A4E29262AF200C1C4C2 /* Network */ = {
			isa = PBXGroup;
			children = (
				2F2B9A4F29262AF200C1C4C2 /* Networking.swift */,
				2F2B9A5029262AF200C1C4C2 /* API.swift */,
			);
			path = Network;
			sourceTree = "<group>";
		};
		2F2B9A6029262B5C00C1C4C2 /* Supporting Files */ = {
			isa = PBXGroup;
			children = (
				2F2B9A3229262AC200C1C4C2 /* Assets.xcassets */,
				2F2B9A5129262AF200C1C4C2 /* Constant.swift */,
				2F2B9A7029262C3400C1C4C2 /* AnyDecodable.swift */,
				2F6F6E1D29359D9200013745 /* UserCollection.swift */,
				2F6F6E2F2936E7E200013745 /* Country.swift */,
			);
			path = "Supporting Files";
			sourceTree = "<group>";
		};
/* End PBXGroup section */

/* Begin PBXNativeTarget section */
		2F2B9A2A29262AC000C1C4C2 /* Flighty */ = {
			isa = PBXNativeTarget;
			buildConfigurationList = 2F2B9A3A29262AC200C1C4C2 /* Build configuration list for PBXNativeTarget "Flighty" */;
			buildPhases = (
				2F2B9A2729262AC000C1C4C2 /* Sources */,
				2F2B9A2829262AC000C1C4C2 /* Frameworks */,
				2F2B9A2929262AC000C1C4C2 /* Resources */,
			);
			buildRules = (
			);
			dependencies = (
			);
			name = Flighty;
			packageProductDependencies = (
				2F2B9A6929262BE500C1C4C2 /* Drawer */,
				2F0D80ED292F54DB00EF537B /* CombineMoya */,
			);
			productName = Flighty;
			productReference = 2F2B9A2B29262AC000C1C4C2 /* Flighty.app */;
			productType = "com.apple.product-type.application";
		};
/* End PBXNativeTarget section */

/* Begin PBXProject section */
		2F2B9A2329262AC000C1C4C2 /* Project object */ = {
			isa = PBXProject;
			attributes = {
				BuildIndependentTargetsInParallel = 1;
				LastSwiftUpdateCheck = 1400;
				LastUpgradeCheck = 1400;
				TargetAttributes = {
					2F2B9A2A29262AC000C1C4C2 = {
						CreatedOnToolsVersion = 14.0.1;
					};
				};
			};
			buildConfigurationList = 2F2B9A2629262AC000C1C4C2 /* Build configuration list for PBXProject "Flighty" */;
			compatibilityVersion = "Xcode 14.0";
			developmentRegion = en;
			hasScannedForEncodings = 0;
			knownRegions = (
				en,
				Base,
			);
			mainGroup = 2F2B9A2229262AC000C1C4C2;
			packageReferences = (
				2F2B9A6829262BE500C1C4C2 /* XCRemoteSwiftPackageReference "swiftui-drawer" */,
				2F0D80EC292F54DB00EF537B /* XCRemoteSwiftPackageReference "Moya" */,
			);
			productRefGroup = 2F2B9A2C29262AC000C1C4C2 /* Products */;
			projectDirPath = "";
			projectRoot = "";
			targets = (
				2F2B9A2A29262AC000C1C4C2 /* Flighty */,
			);
		};
/* End PBXProject section */

/* Begin PBXResourcesBuildPhase section */
		2F2B9A2929262AC000C1C4C2 /* Resources */ = {
			isa = PBXResourcesBuildPhase;
			buildActionMask = 2147483647;
			files = (
				2F2B9A3729262AC200C1C4C2 /* Preview Assets.xcassets in Resources */,
				2F2B9A3329262AC200C1C4C2 /* Assets.xcassets in Resources */,
			);
			runOnlyForDeploymentPostprocessing = 0;
		};
/* End PBXResourcesBuildPhase section */

/* Begin PBXSourcesBuildPhase section */
		2F2B9A2729262AC000C1C4C2 /* Sources */ = {
			isa = PBXSourcesBuildPhase;
			buildActionMask = 2147483647;
			files = (
				2F2B9A5829262AF200C1C4C2 /* Flight.swift in Sources */,
				2F6F6E262935FCEF00013745 /* AirportAndAirlineCell.swift in Sources */,
				2F2B9A5429262AF200C1C4C2 /* CircleIconView.swift in Sources */,
				2F2B9A5A29262AF200C1C4C2 /* BaseModel.swift in Sources */,
				2F6F6E322936EBFC00013745 /* MockedData.swift in Sources */,
				2F6F6E2A2936E01C00013745 /* FlightSearchView.swift in Sources */,
				2F2B9A5F29262AF200C1C4C2 /* Constant.swift in Sources */,
				2F2B9A5729262AF200C1C4C2 /* FlightRepositoryInterface.swift in Sources */,
				2F6F6E1E29359D9200013745 /* UserCollection.swift in Sources */,
				2F155B2429398E4D008CE0F9 /* ListLoadingView.swift in Sources */,
				2F6F6E302936E7E200013745 /* Country.swift in Sources */,
				2F2B9A5E29262AF200C1C4C2 /* API.swift in Sources */,
				2F6F6E342936F11900013745 /* FlightSearchViewModel.swift in Sources */,
				2F6F6E2E2936E1AF00013745 /* Airport.swift in Sources */,
				2F2B9A5629262AF200C1C4C2 /* MainView.swift in Sources */,
				2F2B9A5B29262AF200C1C4C2 /* FlightUseCase.swift in Sources */,
				2F2B9A3129262AC000C1C4C2 /* ContentView.swift in Sources */,
				2F2B9A5529262AF200C1C4C2 /* FlightListView.swift in Sources */,
				2F2B9A5329262AF200C1C4C2 /* SearchBar.swift in Sources */,
				2F2B9A5C29262AF200C1C4C2 /* FlightRepository.swift in Sources */,
				2F6F6E2C2936E14800013745 /* Airline.swift in Sources */,
				2F2B9A5229262AF200C1C4C2 /* MapView.swift in Sources */,
				2F2B9A7129262C3400C1C4C2 /* AnyDecodable.swift in Sources */,
				2F6F6E202935CC2300013745 /* FlightRequestModel.swift in Sources */,
				2F2B9A5929262AF200C1C4C2 /* Schedule.swift in Sources */,
				2F2B9A2F29262AC000C1C4C2 /* FlightyApp.swift in Sources */,
				2F2B9A5D29262AF200C1C4C2 /* Networking.swift in Sources */,
				2F0D80F029344D9E00EF537B /* MainViewModel.swift in Sources */,
			);
			runOnlyForDeploymentPostprocessing = 0;
		};
/* End PBXSourcesBuildPhase section */

/* Begin XCBuildConfiguration section */
		2F2B9A3829262AC200C1C4C2 /* Debug */ = {
			isa = XCBuildConfiguration;
			buildSettings = {
				ALWAYS_SEARCH_USER_PATHS = NO;
				CLANG_ANALYZER_NONNULL = YES;
				CLANG_ANALYZER_NUMBER_OBJECT_CONVERSION = YES_AGGRESSIVE;
				CLANG_CXX_LANGUAGE_STANDARD = "gnu++20";
				CLANG_ENABLE_MODULES = YES;
				CLANG_ENABLE_OBJC_ARC = YES;
				CLANG_ENABLE_OBJC_WEAK = YES;
				CLANG_WARN_BLOCK_CAPTURE_AUTORELEASING = YES;
				CLANG_WARN_BOOL_CONVERSION = YES;
				CLANG_WARN_COMMA = YES;
				CLANG_WARN_CONSTANT_CONVERSION = YES;
				CLANG_WARN_DEPRECATED_OBJC_IMPLEMENTATIONS = YES;
				CLANG_WARN_DIRECT_OBJC_ISA_USAGE = YES_ERROR;
				CLANG_WARN_DOCUMENTATION_COMMENTS = YES;
				CLANG_WARN_EMPTY_BODY = YES;
				CLANG_WARN_ENUM_CONVERSION = YES;
				CLANG_WARN_INFINITE_RECURSION = YES;
				CLANG_WARN_INT_CONVERSION = YES;
				CLANG_WARN_NON_LITERAL_NULL_CONVERSION = YES;
				CLANG_WARN_OBJC_IMPLICIT_RETAIN_SELF = YES;
				CLANG_WARN_OBJC_LITERAL_CONVERSION = YES;
				CLANG_WARN_OBJC_ROOT_CLASS = YES_ERROR;
				CLANG_WARN_QUOTED_INCLUDE_IN_FRAMEWORK_HEADER = YES;
				CLANG_WARN_RANGE_LOOP_ANALYSIS = YES;
				CLANG_WARN_STRICT_PROTOTYPES = YES;
				CLANG_WARN_SUSPICIOUS_MOVE = YES;
				CLANG_WARN_UNGUARDED_AVAILABILITY = YES_AGGRESSIVE;
				CLANG_WARN_UNREACHABLE_CODE = YES;
				CLANG_WARN__DUPLICATE_METHOD_MATCH = YES;
				COPY_PHASE_STRIP = NO;
				DEBUG_INFORMATION_FORMAT = dwarf;
				ENABLE_STRICT_OBJC_MSGSEND = YES;
				ENABLE_TESTABILITY = YES;
				GCC_C_LANGUAGE_STANDARD = gnu11;
				GCC_DYNAMIC_NO_PIC = NO;
				GCC_NO_COMMON_BLOCKS = YES;
				GCC_OPTIMIZATION_LEVEL = 0;
				GCC_PREPROCESSOR_DEFINITIONS = (
					"DEBUG=1",
					"$(inherited)",
				);
				GCC_WARN_64_TO_32_BIT_CONVERSION = YES;
				GCC_WARN_ABOUT_RETURN_TYPE = YES_ERROR;
				GCC_WARN_UNDECLARED_SELECTOR = YES;
				GCC_WARN_UNINITIALIZED_AUTOS = YES_AGGRESSIVE;
				GCC_WARN_UNUSED_FUNCTION = YES;
				GCC_WARN_UNUSED_VARIABLE = YES;
				MTL_ENABLE_DEBUG_INFO = INCLUDE_SOURCE;
				MTL_FAST_MATH = YES;
				ONLY_ACTIVE_ARCH = YES;
				SWIFT_ACTIVE_COMPILATION_CONDITIONS = DEBUG;
				SWIFT_OPTIMIZATION_LEVEL = "-Onone";
			};
			name = Debug;
		};
		2F2B9A3929262AC200C1C4C2 /* Release */ = {
			isa = XCBuildConfiguration;
			buildSettings = {
				ALWAYS_SEARCH_USER_PATHS = NO;
				CLANG_ANALYZER_NONNULL = YES;
				CLANG_ANALYZER_NUMBER_OBJECT_CONVERSION = YES_AGGRESSIVE;
				CLANG_CXX_LANGUAGE_STANDARD = "gnu++20";
				CLANG_ENABLE_MODULES = YES;
				CLANG_ENABLE_OBJC_ARC = YES;
				CLANG_ENABLE_OBJC_WEAK = YES;
				CLANG_WARN_BLOCK_CAPTURE_AUTORELEASING = YES;
				CLANG_WARN_BOOL_CONVERSION = YES;
				CLANG_WARN_COMMA = YES;
				CLANG_WARN_CONSTANT_CONVERSION = YES;
				CLANG_WARN_DEPRECATED_OBJC_IMPLEMENTATIONS = YES;
				CLANG_WARN_DIRECT_OBJC_ISA_USAGE = YES_ERROR;
				CLANG_WARN_DOCUMENTATION_COMMENTS = YES;
				CLANG_WARN_EMPTY_BODY = YES;
				CLANG_WARN_ENUM_CONVERSION = YES;
				CLANG_WARN_INFINITE_RECURSION = YES;
				CLANG_WARN_INT_CONVERSION = YES;
				CLANG_WARN_NON_LITERAL_NULL_CONVERSION = YES;
				CLANG_WARN_OBJC_IMPLICIT_RETAIN_SELF = YES;
				CLANG_WARN_OBJC_LITERAL_CONVERSION = YES;
				CLANG_WARN_OBJC_ROOT_CLASS = YES_ERROR;
				CLANG_WARN_QUOTED_INCLUDE_IN_FRAMEWORK_HEADER = YES;
				CLANG_WARN_RANGE_LOOP_ANALYSIS = YES;
				CLANG_WARN_STRICT_PROTOTYPES = YES;
				CLANG_WARN_SUSPICIOUS_MOVE = YES;
				CLANG_WARN_UNGUARDED_AVAILABILITY = YES_AGGRESSIVE;
				CLANG_WARN_UNREACHABLE_CODE = YES;
				CLANG_WARN__DUPLICATE_METHOD_MATCH = YES;
				COPY_PHASE_STRIP = NO;
				DEBUG_INFORMATION_FORMAT = "dwarf-with-dsym";
				ENABLE_NS_ASSERTIONS = NO;
				ENABLE_STRICT_OBJC_MSGSEND = YES;
				GCC_C_LANGUAGE_STANDARD = gnu11;
				GCC_NO_COMMON_BLOCKS = YES;
				GCC_WARN_64_TO_32_BIT_CONVERSION = YES;
				GCC_WARN_ABOUT_RETURN_TYPE = YES_ERROR;
				GCC_WARN_UNDECLARED_SELECTOR = YES;
				GCC_WARN_UNINITIALIZED_AUTOS = YES_AGGRESSIVE;
				GCC_WARN_UNUSED_FUNCTION = YES;
				GCC_WARN_UNUSED_VARIABLE = YES;
				MTL_ENABLE_DEBUG_INFO = NO;
				MTL_FAST_MATH = YES;
				SWIFT_COMPILATION_MODE = wholemodule;
				SWIFT_OPTIMIZATION_LEVEL = "-O";
			};
			name = Release;
		};
		2F2B9A3B29262AC200C1C4C2 /* Debug */ = {
			isa = XCBuildConfiguration;
			buildSettings = {
				ASSETCATALOG_COMPILER_APPICON_NAME = AppIcon;
				ASSETCATALOG_COMPILER_GLOBAL_ACCENT_COLOR_NAME = AccentColor;
				CODE_SIGN_ENTITLEMENTS = Flighty/Flighty.entitlements;
				CODE_SIGN_STYLE = Automatic;
				CURRENT_PROJECT_VERSION = 1;
				DEVELOPMENT_ASSET_PATHS = "\"Flighty/Preview Content\"";
				DEVELOPMENT_TEAM = BZSC89933R;
				ENABLE_HARDENED_RUNTIME = YES;
				ENABLE_PREVIEWS = YES;
				GENERATE_INFOPLIST_FILE = YES;
				INFOPLIST_KEY_CFBundleDisplayName = "추적추적";
				"INFOPLIST_KEY_UIApplicationSceneManifest_Generation[sdk=iphoneos*]" = YES;
				"INFOPLIST_KEY_UIApplicationSceneManifest_Generation[sdk=iphonesimulator*]" = YES;
				"INFOPLIST_KEY_UIApplicationSupportsIndirectInputEvents[sdk=iphoneos*]" = YES;
				"INFOPLIST_KEY_UIApplicationSupportsIndirectInputEvents[sdk=iphonesimulator*]" = YES;
				"INFOPLIST_KEY_UILaunchScreen_Generation[sdk=iphoneos*]" = YES;
				"INFOPLIST_KEY_UILaunchScreen_Generation[sdk=iphonesimulator*]" = YES;
				"INFOPLIST_KEY_UIStatusBarStyle[sdk=iphoneos*]" = UIStatusBarStyleDefault;
				"INFOPLIST_KEY_UIStatusBarStyle[sdk=iphonesimulator*]" = UIStatusBarStyleDefault;
				INFOPLIST_KEY_UISupportedInterfaceOrientations_iPad = "UIInterfaceOrientationPortrait UIInterfaceOrientationPortraitUpsideDown UIInterfaceOrientationLandscapeLeft UIInterfaceOrientationLandscapeRight";
				INFOPLIST_KEY_UISupportedInterfaceOrientations_iPhone = "UIInterfaceOrientationPortrait UIInterfaceOrientationLandscapeLeft UIInterfaceOrientationLandscapeRight";
				IPHONEOS_DEPLOYMENT_TARGET = 14.0;
				LD_RUNPATH_SEARCH_PATHS = "@executable_path/Frameworks";
				"LD_RUNPATH_SEARCH_PATHS[sdk=macosx*]" = "@executable_path/../Frameworks";
				MACOSX_DEPLOYMENT_TARGET = 12.3;
				MARKETING_VERSION = 1.0;
				PRODUCT_BUNDLE_IDENTIFIER = com.minestrone.Flighty;
				PRODUCT_NAME = "$(TARGET_NAME)";
				SDKROOT = auto;
				SUPPORTED_PLATFORMS = "iphoneos iphonesimulator macosx";
				SWIFT_EMIT_LOC_STRINGS = YES;
				SWIFT_VERSION = 5.0;
				TARGETED_DEVICE_FAMILY = "1,2";
			};
			name = Debug;
		};
		2F2B9A3C29262AC200C1C4C2 /* Release */ = {
			isa = XCBuildConfiguration;
			buildSettings = {
				ASSETCATALOG_COMPILER_APPICON_NAME = AppIcon;
				ASSETCATALOG_COMPILER_GLOBAL_ACCENT_COLOR_NAME = AccentColor;
				CODE_SIGN_ENTITLEMENTS = Flighty/Flighty.entitlements;
				CODE_SIGN_STYLE = Automatic;
				CURRENT_PROJECT_VERSION = 1;
				DEVELOPMENT_ASSET_PATHS = "\"Flighty/Preview Content\"";
				DEVELOPMENT_TEAM = BZSC89933R;
				ENABLE_HARDENED_RUNTIME = YES;
				ENABLE_PREVIEWS = YES;
				GENERATE_INFOPLIST_FILE = YES;
				INFOPLIST_KEY_CFBundleDisplayName = "추적추적";
				"INFOPLIST_KEY_UIApplicationSceneManifest_Generation[sdk=iphoneos*]" = YES;
				"INFOPLIST_KEY_UIApplicationSceneManifest_Generation[sdk=iphonesimulator*]" = YES;
				"INFOPLIST_KEY_UIApplicationSupportsIndirectInputEvents[sdk=iphoneos*]" = YES;
				"INFOPLIST_KEY_UIApplicationSupportsIndirectInputEvents[sdk=iphonesimulator*]" = YES;
				"INFOPLIST_KEY_UILaunchScreen_Generation[sdk=iphoneos*]" = YES;
				"INFOPLIST_KEY_UILaunchScreen_Generation[sdk=iphonesimulator*]" = YES;
				"INFOPLIST_KEY_UIStatusBarStyle[sdk=iphoneos*]" = UIStatusBarStyleDefault;
				"INFOPLIST_KEY_UIStatusBarStyle[sdk=iphonesimulator*]" = UIStatusBarStyleDefault;
				INFOPLIST_KEY_UISupportedInterfaceOrientations_iPad = "UIInterfaceOrientationPortrait UIInterfaceOrientationPortraitUpsideDown UIInterfaceOrientationLandscapeLeft UIInterfaceOrientationLandscapeRight";
				INFOPLIST_KEY_UISupportedInterfaceOrientations_iPhone = "UIInterfaceOrientationPortrait UIInterfaceOrientationLandscapeLeft UIInterfaceOrientationLandscapeRight";
				IPHONEOS_DEPLOYMENT_TARGET = 14.0;
				LD_RUNPATH_SEARCH_PATHS = "@executable_path/Frameworks";
				"LD_RUNPATH_SEARCH_PATHS[sdk=macosx*]" = "@executable_path/../Frameworks";
				MACOSX_DEPLOYMENT_TARGET = 12.3;
				MARKETING_VERSION = 1.0;
				PRODUCT_BUNDLE_IDENTIFIER = com.minestrone.Flighty;
				PRODUCT_NAME = "$(TARGET_NAME)";
				SDKROOT = auto;
				SUPPORTED_PLATFORMS = "iphoneos iphonesimulator macosx";
				SWIFT_EMIT_LOC_STRINGS = YES;
				SWIFT_VERSION = 5.0;
				TARGETED_DEVICE_FAMILY = "1,2";
			};
			name = Release;
		};
/* End XCBuildConfiguration section */

/* Begin XCConfigurationList section */
		2F2B9A2629262AC000C1C4C2 /* Build configuration list for PBXProject "Flighty" */ = {
			isa = XCConfigurationList;
			buildConfigurations = (
				2F2B9A3829262AC200C1C4C2 /* Debug */,
				2F2B9A3929262AC200C1C4C2 /* Release */,
			);
			defaultConfigurationIsVisible = 0;
			defaultConfigurationName = Release;
		};
		2F2B9A3A29262AC200C1C4C2 /* Build configuration list for PBXNativeTarget "Flighty" */ = {
			isa = XCConfigurationList;
			buildConfigurations = (
				2F2B9A3B29262AC200C1C4C2 /* Debug */,
				2F2B9A3C29262AC200C1C4C2 /* Release */,
			);
			defaultConfigurationIsVisible = 0;
			defaultConfigurationName = Release;
		};
/* End XCConfigurationList section */

/* Begin XCRemoteSwiftPackageReference section */
		2F0D80EC292F54DB00EF537B /* XCRemoteSwiftPackageReference "Moya" */ = {
			isa = XCRemoteSwiftPackageReference;
			repositoryURL = "https://github.com/Moya/Moya";
			requirement = {
				branch = master;
				kind = branch;
			};
		};
		2F2B9A6829262BE500C1C4C2 /* XCRemoteSwiftPackageReference "swiftui-drawer" */ = {
			isa = XCRemoteSwiftPackageReference;
			repositoryURL = "https://github.com/maustinstar/swiftui-drawer";
			requirement = {
				branch = master;
				kind = branch;
			};
		};
/* End XCRemoteSwiftPackageReference section */

/* Begin XCSwiftPackageProductDependency section */
		2F0D80ED292F54DB00EF537B /* CombineMoya */ = {
			isa = XCSwiftPackageProductDependency;
			package = 2F0D80EC292F54DB00EF537B /* XCRemoteSwiftPackageReference "Moya" */;
			productName = CombineMoya;
		};
		2F2B9A6929262BE500C1C4C2 /* Drawer */ = {
			isa = XCSwiftPackageProductDependency;
			package = 2F2B9A6829262BE500C1C4C2 /* XCRemoteSwiftPackageReference "swiftui-drawer" */;
			productName = Drawer;
		};
/* End XCSwiftPackageProductDependency section */
	};
	rootObject = 2F2B9A2329262AC000C1C4C2 /* Project object */;
}
